
Microsoft Visual Studio Solution File, Format Version 12.00
# Visual Studio Version 17
VisualStudioVersion = 17.0.31903.59
MinimumVisualStudioVersion = 10.0.40219.1
Project("{FAE04EC0-301F-11D3-BF4B-00C04F79EFBC}") = "talenthubBE", "talenthubBE\talenthubBE.csproj", "{B7DEC753-EAC1-4EC8-8515-46F5CA540797}"
EndProject
Project("{FAE04EC0-301F-11D3-BF4B-00C04F79EFBC}") = "talenthubBE.Tests", "talenthubBE.Tests\talenthubBE.Tests.csproj", "{92995AA5-C2C8-4779-9395-640433995F0F}"
EndProject
Global
	GlobalSection(SolutionConfigurationPlatforms) = preSolution
		Debug|Any CPU = Debug|Any CPU
		Release|Any CPU = Release|Any CPU
	EndGlobalSection
	GlobalSection(SolutionProperties) = preSolution
		HideSolutionNode = FALSE
	EndGlobalSection
	GlobalSection(ProjectConfigurationPlatforms) = postSolution
		{B7DEC753-EAC1-4EC8-8515-46F5CA540797}.Debug|Any CPU.ActiveCfg = Debug|Any CPU
		{B7DEC753-EAC1-4EC8-8515-46F5CA540797}.Debug|Any CPU.Build.0 = Debug|Any CPU
		{B7DEC753-EAC1-4EC8-8515-46F5CA540797}.Release|Any CPU.ActiveCfg = Release|Any CPU
		{B7DEC753-EAC1-4EC8-8515-46F5CA540797}.Release|Any CPU.Build.0 = Release|Any CPU
		{92995AA5-C2C8-4779-9395-640433995F0F}.Debug|Any CPU.ActiveCfg = Debug|Any CPU
		{92995AA5-C2C8-4779-9395-640433995F0F}.Debug|Any CPU.Build.0 = Debug|Any CPU
		{92995AA5-C2C8-4779-9395-640433995F0F}.Release|Any CPU.ActiveCfg = Release|Any CPU
		{92995AA5-C2C8-4779-9395-640433995F0F}.Release|Any CPU.Build.0 = Release|Any CPU
	EndGlobalSection
EndGlobal
